{
  "name": "convert-sc-design-hblab",
  "version": "0.1.0",
  "lockfileVersion": 3,
  "requires": true,
  "packages": {
    "": {
      "name": "convert-sc-design-hblab",
      "version": "0.1.0",
      "license": "MIT",
      "bin": {
        "convert-sc-design-hblab": "bin/google-sheet-reader.js"
      },
      "engines": {
        "node": ">=18"
      }
    }
  }
}
